// !$*UTF8*$!
{
	archiveVersion = 1;
	classes = {
	};
	objectVersion = 56;
	objects = {

/* Begin PBXBuildFile section */
		2425F53E296A436000E1DBA5 /* AppDelegate.swift in Sources */ = {isa = PBXBuildFile; fileRef = 2425F53D296A436000E1DBA5 /* AppDelegate.swift */; };
		2425F540296A436000E1DBA5 /* SceneDelegate.swift in Sources */ = {isa = PBXBuildFile; fileRef = 2425F53F296A436000E1DBA5 /* SceneDelegate.swift */; };
		2425F542296A436000E1DBA5 /* ViewController.swift in Sources */ = {isa = PBXBuildFile; fileRef = 2425F541296A436000E1DBA5 /* ViewController.swift */; };
		2425F545296A436000E1DBA5 /* Main.storyboard in Resources */ = {isa = PBXBuildFile; fileRef = 2425F543296A436000E1DBA5 /* Main.storyboard */; };
		2425F55F296A436200E1DBA5 /* WeatherUITests.swift in Sources */ = {isa = PBXBuildFile; fileRef = 2425F55E296A436200E1DBA5 /* WeatherUITests.swift */; };
		2425F561296A436200E1DBA5 /* WeatherUITestsLaunchTests.swift in Sources */ = {isa = PBXBuildFile; fileRef = 2425F560296A436200E1DBA5 /* WeatherUITestsLaunchTests.swift */; };
		2425F56F296A43E200E1DBA5 /* DailyPrediction.swift in Sources */ = {isa = PBXBuildFile; fileRef = 2425F56E296A43E200E1DBA5 /* DailyPrediction.swift */; };
		2425F572296A441D00E1DBA5 /* ViewControllerViewModel.swift in Sources */ = {isa = PBXBuildFile; fileRef = 2425F571296A441D00E1DBA5 /* ViewControllerViewModel.swift */; };
		2425F576296A44B100E1DBA5 /* NextDayTableViewCell.swift in Sources */ = {isa = PBXBuildFile; fileRef = 2425F575296A44B100E1DBA5 /* NextDayTableViewCell.swift */; };
		2425F57A296A452F00E1DBA5 /* TestViewControllerViewModel.swift in Sources */ = {isa = PBXBuildFile; fileRef = 2425F579296A452F00E1DBA5 /* TestViewControllerViewModel.swift */; };
		2425F57C296A454B00E1DBA5 /* TestViewController.swift in Sources */ = {isa = PBXBuildFile; fileRef = 2425F57B296A454B00E1DBA5 /* TestViewController.swift */; };
		2425F57E296A456300E1DBA5 /* DailyPredictionStructTest.swift in Sources */ = {isa = PBXBuildFile; fileRef = 2425F57D296A456300E1DBA5 /* DailyPredictionStructTest.swift */; };
		24500B87296A5A5C00FE4947 /* LaunchScreen.storyboard in Resources */ = {isa = PBXBuildFile; fileRef = 24500B86296A5A5C00FE4947 /* LaunchScreen.storyboard */; };
		24500B8E296A5ADE00FE4947 /* Prediction.json in Resources */ = {isa = PBXBuildFile; fileRef = 24500B8D296A5ADE00FE4947 /* Prediction.json */; };
		24500B90296A5CC100FE4947 /* Assets.xcassets in Resources */ = {isa = PBXBuildFile; fileRef = 24500B8F296A5CC100FE4947 /* Assets.xcassets */; };
/* End PBXBuildFile section */

/* Begin PBXContainerItemProxy section */
		2425F551296A436200E1DBA5 /* PBXContainerItemProxy */ = {
			isa = PBXContainerItemProxy;
			containerPortal = 2425F532296A436000E1DBA5 /* Project object */;
			proxyType = 1;
			remoteGlobalIDString = 2425F539296A436000E1DBA5;
			remoteInfo = Weather;
		};
		2425F55B296A436200E1DBA5 /* PBXContainerItemProxy */ = {
			isa = PBXContainerItemProxy;
			containerPortal = 2425F532296A436000E1DBA5 /* Project object */;
			proxyType = 1;
			remoteGlobalIDString = 2425F539296A436000E1DBA5;
			remoteInfo = Weather;
		};
/* End PBXContainerItemProxy section */

/* Begin PBXFileReference section */
		2425F53A296A436000E1DBA5 /* Weather.app */ = {isa = PBXFileReference; explicitFileType = wrapper.application; includeInIndex = 0; path = Weather.app; sourceTree = BUILT_PRODUCTS_DIR; };
		2425F53D296A436000E1DBA5 /* AppDelegate.swift */ = {isa = PBXFileReference; lastKnownFileType = sourcecode.swift; path = AppDelegate.swift; sourceTree = "<group>"; };
		2425F53F296A436000E1DBA5 /* SceneDelegate.swift */ = {isa = PBXFileReference; lastKnownFileType = sourcecode.swift; path = SceneDelegate.swift; sourceTree = "<group>"; };
		2425F541296A436000E1DBA5 /* ViewController.swift */ = {isa = PBXFileReference; lastKnownFileType = sourcecode.swift; path = ViewController.swift; sourceTree = "<group>"; };
		2425F544296A436000E1DBA5 /* Base */ = {isa = PBXFileReference; lastKnownFileType = file.storyboard; name = Base; path = Base.lproj/Main.storyboard; sourceTree = "<group>"; };
		2425F54B296A436200E1DBA5 /* Info.plist */ = {isa = PBXFileReference; lastKnownFileType = text.plist.xml; path = Info.plist; sourceTree = "<group>"; };
		2425F550296A436200E1DBA5 /* WeatherTests.xctest */ = {isa = PBXFileReference; explicitFileType = wrapper.cfbundle; includeInIndex = 0; path = WeatherTests.xctest; sourceTree = BUILT_PRODUCTS_DIR; };
		2425F55A296A436200E1DBA5 /* WeatherUITests.xctest */ = {isa = PBXFileReference; explicitFileType = wrapper.cfbundle; includeInIndex = 0; path = WeatherUITests.xctest; sourceTree = BUILT_PRODUCTS_DIR; };
		2425F55E296A436200E1DBA5 /* WeatherUITests.swift */ = {isa = PBXFileReference; lastKnownFileType = sourcecode.swift; path = WeatherUITests.swift; sourceTree = "<group>"; };
		2425F560296A436200E1DBA5 /* WeatherUITestsLaunchTests.swift */ = {isa = PBXFileReference; lastKnownFileType = sourcecode.swift; path = WeatherUITestsLaunchTests.swift; sourceTree = "<group>"; };
		2425F56E296A43E200E1DBA5 /* DailyPrediction.swift */ = {isa = PBXFileReference; lastKnownFileType = sourcecode.swift; path = DailyPrediction.swift; sourceTree = "<group>"; };
		2425F571296A441D00E1DBA5 /* ViewControllerViewModel.swift */ = {isa = PBXFileReference; lastKnownFileType = sourcecode.swift; path = ViewControllerViewModel.swift; sourceTree = "<group>"; };
		2425F575296A44B100E1DBA5 /* NextDayTableViewCell.swift */ = {isa = PBXFileReference; lastKnownFileType = sourcecode.swift; path = NextDayTableViewCell.swift; sourceTree = "<group>"; };
		2425F579296A452F00E1DBA5 /* TestViewControllerViewModel.swift */ = {isa = PBXFileReference; lastKnownFileType = sourcecode.swift; path = TestViewControllerViewModel.swift; sourceTree = "<group>"; };
		2425F57B296A454B00E1DBA5 /* TestViewController.swift */ = {isa = PBXFileReference; lastKnownFileType = sourcecode.swift; path = TestViewController.swift; sourceTree = "<group>"; };
		2425F57D296A456300E1DBA5 /* DailyPredictionStructTest.swift */ = {isa = PBXFileReference; lastKnownFileType = sourcecode.swift; path = DailyPredictionStructTest.swift; sourceTree = "<group>"; };
		24500B86296A5A5C00FE4947 /* LaunchScreen.storyboard */ = {isa = PBXFileReference; lastKnownFileType = file.storyboard; path = LaunchScreen.storyboard; sourceTree = "<group>"; };
		24500B8D296A5ADE00FE4947 /* Prediction.json */ = {isa = PBXFileReference; lastKnownFileType = text.json; path = Prediction.json; sourceTree = "<group>"; };
		24500B8F296A5CC100FE4947 /* Assets.xcassets */ = {isa = PBXFileReference; lastKnownFileType = folder.assetcatalog; path = Assets.xcassets; sourceTree = "<group>"; };
/* End PBXFileReference section */

/* Begin PBXFrameworksBuildPhase section */
		2425F537296A436000E1DBA5 /* Frameworks */ = {
			isa = PBXFrameworksBuildPhase;
			buildActionMask = 2147483647;
			files = (
			);
			runOnlyForDeploymentPostprocessing = 0;
		};
		2425F54D296A436200E1DBA5 /* Frameworks */ = {
			isa = PBXFrameworksBuildPhase;
			buildActionMask = 2147483647;
			files = (
			);
			runOnlyForDeploymentPostprocessing = 0;
		};
		2425F557296A436200E1DBA5 /* Frameworks */ = {
			isa = PBXFrameworksBuildPhase;
			buildActionMask = 2147483647;
			files = (
			);
			runOnlyForDeploymentPostprocessing = 0;
		};
/* End PBXFrameworksBuildPhase section */

/* Begin PBXGroup section */
		2425F531296A436000E1DBA5 = {
			isa = PBXGroup;
			children = (
				2425F53C296A436000E1DBA5 /* Weather */,
				2425F553296A436200E1DBA5 /* WeatherTests */,
				2425F55D296A436200E1DBA5 /* WeatherUITests */,
				2425F53B296A436000E1DBA5 /* Products */,
			);
			sourceTree = "<group>";
		};
		2425F53B296A436000E1DBA5 /* Products */ = {
			isa = PBXGroup;
			children = (
				2425F53A296A436000E1DBA5 /* Weather.app */,
				2425F550296A436200E1DBA5 /* WeatherTests.xctest */,
				2425F55A296A436200E1DBA5 /* WeatherUITests.xctest */,
			);
			name = Products;
			sourceTree = "<group>";
		};
		2425F53C296A436000E1DBA5 /* Weather */ = {
			isa = PBXGroup;
			children = (
				2425F573296A446900E1DBA5 /* Core */,
				2425F56D296A43B300E1DBA5 /* Model */,
				2425F574296A448700E1DBA5 /* View */,
				2425F570296A43FC00E1DBA5 /* ViewModel */,
				2425F577296A44E800E1DBA5 /* Controller */,
				24500B88296A5A6800FE4947 /* Resources */,
				2425F581296A457F00E1DBA5 /* JsonData */,
				2425F54B296A436200E1DBA5 /* Info.plist */,
			);
			path = Weather;
			sourceTree = "<group>";
		};
		2425F553296A436200E1DBA5 /* WeatherTests */ = {
			isa = PBXGroup;
			children = (
				2425F585296A45F000E1DBA5 /* Test Model */,
				2425F584296A45E300E1DBA5 /* TestViewController */,
				2425F583296A45D900E1DBA5 /* Test View Model */,
			);
			path = WeatherTests;
			sourceTree = "<group>";
		};
		2425F55D296A436200E1DBA5 /* WeatherUITests */ = {
			isa = PBXGroup;
			children = (
				2425F55E296A436200E1DBA5 /* WeatherUITests.swift */,
				2425F560296A436200E1DBA5 /* WeatherUITestsLaunchTests.swift */,
			);
			path = WeatherUITests;
			sourceTree = "<group>";
		};
		2425F56D296A43B300E1DBA5 /* Model */ = {
			isa = PBXGroup;
			children = (
				2425F56E296A43E200E1DBA5 /* DailyPrediction.swift */,
			);
			path = Model;
			sourceTree = "<group>";
		};
		2425F570296A43FC00E1DBA5 /* ViewModel */ = {
			isa = PBXGroup;
			children = (
				2425F571296A441D00E1DBA5 /* ViewControllerViewModel.swift */,
			);
			path = ViewModel;
			sourceTree = "<group>";
		};
		2425F573296A446900E1DBA5 /* Core */ = {
			isa = PBXGroup;
			children = (
				2425F53F296A436000E1DBA5 /* SceneDelegate.swift */,
				2425F53D296A436000E1DBA5 /* AppDelegate.swift */,
			);
			path = Core;
			sourceTree = "<group>";
		};
		2425F574296A448700E1DBA5 /* View */ = {
			isa = PBXGroup;
			children = (
				2425F543296A436000E1DBA5 /* Main.storyboard */,
				2425F575296A44B100E1DBA5 /* NextDayTableViewCell.swift */,
			);
			path = View;
			sourceTree = "<group>";
		};
		2425F577296A44E800E1DBA5 /* Controller */ = {
			isa = PBXGroup;
			children = (
				2425F541296A436000E1DBA5 /* ViewController.swift */,
			);
			path = Controller;
			sourceTree = "<group>";
		};
		2425F581296A457F00E1DBA5 /* JsonData */ = {
			isa = PBXGroup;
			children = (
				24500B8D296A5ADE00FE4947 /* Prediction.json */,
			);
			path = JsonData;
			sourceTree = "<group>";
		};
		2425F583296A45D900E1DBA5 /* Test View Model */ = {
			isa = PBXGroup;
			children = (
				2425F579296A452F00E1DBA5 /* TestViewControllerViewModel.swift */,
			);
			path = "Test View Model";
			sourceTree = "<group>";
		};
		2425F584296A45E300E1DBA5 /* TestViewController */ = {
			isa = PBXGroup;
			children = (
				2425F57B296A454B00E1DBA5 /* TestViewController.swift */,
			);
			path = TestViewController;
			sourceTree = "<group>";
		};
		2425F585296A45F000E1DBA5 /* Test Model */ = {
			isa = PBXGroup;
			children = (
				2425F57D296A456300E1DBA5 /* DailyPredictionStructTest.swift */,
			);
			path = "Test Model";
			sourceTree = "<group>";
		};
		24500B88296A5A6800FE4947 /* Resources */ = {
			isa = PBXGroup;
			children = (
				24500B86296A5A5C00FE4947 /* LaunchScreen.storyboard */,
				24500B8F296A5CC100FE4947 /* Assets.xcassets */,
			);
			name = Resources;
			path = JsonData/Resources;
			sourceTree = "<group>";
		};
/* End PBXGroup section */

/* Begin PBXNativeTarget section */
		2425F539296A436000E1DBA5 /* Weather */ = {
			isa = PBXNativeTarget;
			buildConfigurationList = 2425F564296A436200E1DBA5 /* Build configuration list for PBXNativeTarget "Weather" */;
			buildPhases = (
				2425F536296A436000E1DBA5 /* Sources */,
				2425F537296A436000E1DBA5 /* Frameworks */,
				2425F538296A436000E1DBA5 /* Resources */,
			);
			buildRules = (
			);
			dependencies = (
			);
			name = Weather;
			productName = Weather;
			productReference = 2425F53A296A436000E1DBA5 /* Weather.app */;
			productType = "com.apple.product-type.application";
		};
		2425F54F296A436200E1DBA5 /* WeatherTests */ = {
			isa = PBXNativeTarget;
			buildConfigurationList = 2425F567296A436200E1DBA5 /* Build configuration list for PBXNativeTarget "WeatherTests" */;
			buildPhases = (
				2425F54C296A436200E1DBA5 /* Sources */,
				2425F54D296A436200E1DBA5 /* Frameworks */,
				2425F54E296A436200E1DBA5 /* Resources */,
			);
			buildRules = (
			);
			dependencies = (
				2425F552296A436200E1DBA5 /* PBXTargetDependency */,
			);
			name = WeatherTests;
			productName = WeatherTests;
			productReference = 2425F550296A436200E1DBA5 /* WeatherTests.xctest */;
			productType = "com.apple.product-type.bundle.unit-test";
		};
		2425F559296A436200E1DBA5 /* WeatherUITests */ = {
			isa = PBXNativeTarget;
			buildConfigurationList = 2425F56A296A436200E1DBA5 /* Build configuration list for PBXNativeTarget "WeatherUITests" */;
			buildPhases = (
				2425F556296A436200E1DBA5 /* Sources */,
				2425F557296A436200E1DBA5 /* Frameworks */,
				2425F558296A436200E1DBA5 /* Resources */,
			);
			buildRules = (
			);
			dependencies = (
				2425F55C296A436200E1DBA5 /* PBXTargetDependency */,
			);
			name = WeatherUITests;
			productName = WeatherUITests;
			productReference = 2425F55A296A436200E1DBA5 /* WeatherUITests.xctest */;
			productType = "com.apple.product-type.bundle.ui-testing";
		};
/* End PBXNativeTarget section */

/* Begin PBXProject section */
		2425F532296A436000E1DBA5 /* Project object */ = {
			isa = PBXProject;
			attributes = {
				BuildIndependentTargetsInParallel = 1;
				LastSwiftUpdateCheck = 1420;
				LastUpgradeCheck = 1420;
				TargetAttributes = {
					2425F539296A436000E1DBA5 = {
						CreatedOnToolsVersion = 14.2;
					};
					2425F54F296A436200E1DBA5 = {
						CreatedOnToolsVersion = 14.2;
						LastSwiftMigration = 1420;
						TestTargetID = 2425F539296A436000E1DBA5;
					};
					2425F559296A436200E1DBA5 = {
						CreatedOnToolsVersion = 14.2;
						TestTargetID = 2425F539296A436000E1DBA5;
					};
				};
			};
			buildConfigurationList = 2425F535296A436000E1DBA5 /* Build configuration list for PBXProject "Weather" */;
			compatibilityVersion = "Xcode 14.0";
			developmentRegion = en;
			hasScannedForEncodings = 0;
			knownRegions = (
				en,
				Base,
			);
			mainGroup = 2425F531296A436000E1DBA5;
			productRefGroup = 2425F53B296A436000E1DBA5 /* Products */;
			projectDirPath = "";
			projectRoot = "";
			targets = (
				2425F539296A436000E1DBA5 /* Weather */,
				2425F54F296A436200E1DBA5 /* WeatherTests */,
				2425F559296A436200E1DBA5 /* WeatherUITests */,
			);
		};
/* End PBXProject section */

/* Begin PBXResourcesBuildPhase section */
		2425F538296A436000E1DBA5 /* Resources */ = {
			isa = PBXResourcesBuildPhase;
			buildActionMask = 2147483647;
			files = (
				24500B8E296A5ADE00FE4947 /* Prediction.json in Resources */,
				24500B87296A5A5C00FE4947 /* LaunchScreen.storyboard in Resources */,
				24500B90296A5CC100FE4947 /* Assets.xcassets in Resources */,
				2425F545296A436000E1DBA5 /* Main.storyboard in Resources */,
			);
			runOnlyForDeploymentPostprocessing = 0;
		};
		2425F54E296A436200E1DBA5 /* Resources */ = {
			isa = PBXResourcesBuildPhase;
			buildActionMask = 2147483647;
			files = (
			);
			runOnlyForDeploymentPostprocessing = 0;
		};
		2425F558296A436200E1DBA5 /* Resources */ = {
			isa = PBXResourcesBuildPhase;
			buildActionMask = 2147483647;
			files = (
			);
			runOnlyForDeploymentPostprocessing = 0;
		};
/* End PBXResourcesBuildPhase section */

/* Begin PBXSourcesBuildPhase section */
		2425F536296A436000E1DBA5 /* Sources */ = {
			isa = PBXSourcesBuildPhase;
			buildActionMask = 2147483647;
			files = (
				2425F56F296A43E200E1DBA5 /* DailyPrediction.swift in Sources */,
				2425F576296A44B100E1DBA5 /* NextDayTableViewCell.swift in Sources */,
				2425F542296A436000E1DBA5 /* ViewController.swift in Sources */,
				2425F572296A441D00E1DBA5 /* ViewControllerViewModel.swift in Sources */,
				2425F53E296A436000E1DBA5 /* AppDelegate.swift in Sources */,
				2425F540296A436000E1DBA5 /* SceneDelegate.swift in Sources */,
			);
			runOnlyForDeploymentPostprocessing = 0;
		};
		2425F54C296A436200E1DBA5 /* Sources */ = {
			isa = PBXSourcesBuildPhase;
			buildActionMask = 2147483647;
			files = (
				2425F57E296A456300E1DBA5 /* DailyPredictionStructTest.swift in Sources */,
				2425F57C296A454B00E1DBA5 /* TestViewController.swift in Sources */,
				2425F57A296A452F00E1DBA5 /* TestViewControllerViewModel.swift in Sources */,
			);
			runOnlyForDeploymentPostprocessing = 0;
		};
		2425F556296A436200E1DBA5 /* Sources */ = {
			isa = PBXSourcesBuildPhase;
			buildActionMask = 2147483647;
			files = (
				2425F55F296A436200E1DBA5 /* WeatherUITests.swift in Sources */,
				2425F561296A436200E1DBA5 /* WeatherUITestsLaunchTests.swift in Sources */,
			);
			runOnlyForDeploymentPostprocessing = 0;
		};
/* End PBXSourcesBuildPhase section */

/* Begin PBXTargetDependency section */
		2425F552296A436200E1DBA5 /* PBXTargetDependency */ = {
			isa = PBXTargetDependency;
			target = 2425F539296A436000E1DBA5 /* Weather */;
			targetProxy = 2425F551296A436200E1DBA5 /* PBXContainerItemProxy */;
		};
		2425F55C296A436200E1DBA5 /* PBXTargetDependency */ = {
			isa = PBXTargetDependency;
			target = 2425F539296A436000E1DBA5 /* Weather */;
			targetProxy = 2425F55B296A436200E1DBA5 /* PBXContainerItemProxy */;
		};
/* End PBXTargetDependency section */

/* Begin PBXVariantGroup section */
		2425F543296A436000E1DBA5 /* Main.storyboard */ = {
			isa = PBXVariantGroup;
			children = (
				2425F544296A436000E1DBA5 /* Base */,
			);
			name = Main.storyboard;
			sourceTree = "<group>";
		};
/* End PBXVariantGroup section */

/* Begin XCBuildConfiguration section */
		2425F562296A436200E1DBA5 /* Debug */ = {
			isa = XCBuildConfiguration;
			buildSettings = {
				ALWAYS_SEARCH_USER_PATHS = NO;
				CLANG_ANALYZER_NONNULL = YES;
				CLANG_ANALYZER_NUMBER_OBJECT_CONVERSION = YES_AGGRESSIVE;
				CLANG_CXX_LANGUAGE_STANDARD = "gnu++20";
				CLANG_ENABLE_MODULES = YES;
				CLANG_ENABLE_OBJC_ARC = YES;
				CLANG_ENABLE_OBJC_WEAK = YES;
				CLANG_WARN_BLOCK_CAPTURE_AUTORELEASING = YES;
				CLANG_WARN_BOOL_CONVERSION = YES;
				CLANG_WARN_COMMA = YES;
				CLANG_WARN_CONSTANT_CONVERSION = YES;
				CLANG_WARN_DEPRECATED_OBJC_IMPLEMENTATIONS = YES;
				CLANG_WARN_DIRECT_OBJC_ISA_USAGE = YES_ERROR;
				CLANG_WARN_DOCUMENTATION_COMMENTS = YES;
				CLANG_WARN_EMPTY_BODY = YES;
				CLANG_WARN_ENUM_CONVERSION = YES;
				CLANG_WARN_INFINITE_RECURSION = YES;
				CLANG_WARN_INT_CONVERSION = YES;
				CLANG_WARN_NON_LITERAL_NULL_CONVERSION = YES;
				CLANG_WARN_OBJC_IMPLICIT_RETAIN_SELF = YES;
				CLANG_WARN_OBJC_LITERAL_CONVERSION = YES;
				CLANG_WARN_OBJC_ROOT_CLASS = YES_ERROR;
				CLANG_WARN_QUOTED_INCLUDE_IN_FRAMEWORK_HEADER = YES;
				CLANG_WARN_RANGE_LOOP_ANALYSIS = YES;
				CLANG_WARN_STRICT_PROTOTYPES = YES;
				CLANG_WARN_SUSPICIOUS_MOVE = YES;
				CLANG_WARN_UNGUARDED_AVAILABILITY = YES_AGGRESSIVE;
				CLANG_WARN_UNREACHABLE_CODE = YES;
				CLANG_WARN__DUPLICATE_METHOD_MATCH = YES;
				COPY_PHASE_STRIP = NO;
				DEBUG_INFORMATION_FORMAT = dwarf;
				ENABLE_STRICT_OBJC_MSGSEND = YES;
				ENABLE_TESTABILITY = YES;
				GCC_C_LANGUAGE_STANDARD = gnu11;
				GCC_DYNAMIC_NO_PIC = NO;
				GCC_NO_COMMON_BLOCKS = YES;
				GCC_OPTIMIZATION_LEVEL = 0;
				GCC_PREPROCESSOR_DEFINITIONS = (
					"DEBUG=1",
					"$(inherited)",
				);
				GCC_WARN_64_TO_32_BIT_CONVERSION = YES;
				GCC_WARN_ABOUT_RETURN_TYPE = YES_ERROR;
				GCC_WARN_UNDECLARED_SELECTOR = YES;
				GCC_WARN_UNINITIALIZED_AUTOS = YES_AGGRESSIVE;
				GCC_WARN_UNUSED_FUNCTION = YES;
				GCC_WARN_UNUSED_VARIABLE = YES;
				IPHONEOS_DEPLOYMENT_TARGET = 16.2;
				MTL_ENABLE_DEBUG_INFO = INCLUDE_SOURCE;
				MTL_FAST_MATH = YES;
				ONLY_ACTIVE_ARCH = YES;
				SDKROOT = iphoneos;
				SWIFT_ACTIVE_COMPILATION_CONDITIONS = DEBUG;
				SWIFT_OPTIMIZATION_LEVEL = "-Onone";
			};
			name = Debug;
		};
		2425F563296A436200E1DBA5 /* Release */ = {
			isa = XCBuildConfiguration;
			buildSettings = {
				ALWAYS_SEARCH_USER_PATHS = NO;
				CLANG_ANALYZER_NONNULL = YES;
				CLANG_ANALYZER_NUMBER_OBJECT_CONVERSION = YES_AGGRESSIVE;
				CLANG_CXX_LANGUAGE_STANDARD = "gnu++20";
				CLANG_ENABLE_MODULES = YES;
				CLANG_ENABLE_OBJC_ARC = YES;
				CLANG_ENABLE_OBJC_WEAK = YES;
				CLANG_WARN_BLOCK_CAPTURE_AUTORELEASING = YES;
				CLANG_WARN_BOOL_CONVERSION = YES;
				CLANG_WARN_COMMA = YES;
				CLANG_WARN_CONSTANT_CONVERSION = YES;
				CLANG_WARN_DEPRECATED_OBJC_IMPLEMENTATIONS = YES;
				CLANG_WARN_DIRECT_OBJC_ISA_USAGE = YES_ERROR;
				CLANG_WARN_DOCUMENTATION_COMMENTS = YES;
				CLANG_WARN_EMPTY_BODY = YES;
				CLANG_WARN_ENUM_CONVERSION = YES;
				CLANG_WARN_INFINITE_RECURSION = YES;
				CLANG_WARN_INT_CONVERSION = YES;
				CLANG_WARN_NON_LITERAL_NULL_CONVERSION = YES;
				CLANG_WARN_OBJC_IMPLICIT_RETAIN_SELF = YES;
				CLANG_WARN_OBJC_LITERAL_CONVERSION = YES;
				CLANG_WARN_OBJC_ROOT_CLASS = YES_ERROR;
				CLANG_WARN_QUOTED_INCLUDE_IN_FRAMEWORK_HEADER = YES;
				CLANG_WARN_RANGE_LOOP_ANALYSIS = YES;
				CLANG_WARN_STRICT_PROTOTYPES = YES;
				CLANG_WARN_SUSPICIOUS_MOVE = YES;
				CLANG_WARN_UNGUARDED_AVAILABILITY = YES_AGGRESSIVE;
				CLANG_WARN_UNREACHABLE_CODE = YES;
				CLANG_WARN__DUPLICATE_METHOD_MATCH = YES;
				COPY_PHASE_STRIP = NO;
				DEBUG_INFORMATION_FORMAT = "dwarf-with-dsym";
				ENABLE_NS_ASSERTIONS = NO;
				ENABLE_STRICT_OBJC_MSGSEND = YES;
				GCC_C_LANGUAGE_STANDARD = gnu11;
				GCC_NO_COMMON_BLOCKS = YES;
				GCC_WARN_64_TO_32_BIT_CONVERSION = YES;
				GCC_WARN_ABOUT_RETURN_TYPE = YES_ERROR;
				GCC_WARN_UNDECLARED_SELECTOR = YES;
				GCC_WARN_UNINITIALIZED_AUTOS = YES_AGGRESSIVE;
				GCC_WARN_UNUSED_FUNCTION = YES;
				GCC_WARN_UNUSED_VARIABLE = YES;
				IPHONEOS_DEPLOYMENT_TARGET = 16.2;
				MTL_ENABLE_DEBUG_INFO = NO;
				MTL_FAST_MATH = YES;
				SDKROOT = iphoneos;
				SWIFT_COMPILATION_MODE = wholemodule;
				SWIFT_OPTIMIZATION_LEVEL = "-O";
				VALIDATE_PRODUCT = YES;
			};
			name = Release;
		};
		2425F565296A436200E1DBA5 /* Debug */ = {
			isa = XCBuildConfiguration;
			buildSettings = {
				ASSETCATALOG_COMPILER_APPICON_NAME = AppIcon;
				ASSETCATALOG_COMPILER_GLOBAL_ACCENT_COLOR_NAME = AccentColor;
				CODE_SIGN_STYLE = Automatic;
				CURRENT_PROJECT_VERSION = 1;
				DEVELOPMENT_TEAM = DJ4HTA4RKP;
				GENERATE_INFOPLIST_FILE = YES;
				INFOPLIST_FILE = Weather/Info.plist;
				INFOPLIST_KEY_UIApplicationSupportsIndirectInputEvents = YES;
				INFOPLIST_KEY_UILaunchStoryboardName = LaunchScreen;
				INFOPLIST_KEY_UIMainStoryboardFile = Main;
				INFOPLIST_KEY_UISupportedInterfaceOrientations_iPad = "UIInterfaceOrientationPortrait UIInterfaceOrientationPortraitUpsideDown UIInterfaceOrientationLandscapeLeft UIInterfaceOrientationLandscapeRight";
				INFOPLIST_KEY_UISupportedInterfaceOrientations_iPhone = "UIInterfaceOrientationPortrait UIInterfaceOrientationLandscapeLeft UIInterfaceOrientationLandscapeRight";
				LD_RUNPATH_SEARCH_PATHS = (
					"$(inherited)",
					"@executable_path/Frameworks",
				);
				MARKETING_VERSION = 1.0;
				PRODUCT_BUNDLE_IDENTIFIER = com.ridesharer.RideSharer.Weather;
				PRODUCT_NAME = "$(TARGET_NAME)";
				SWIFT_EMIT_LOC_STRINGS = YES;
				SWIFT_VERSION = 5.0;
				TARGETED_DEVICE_FAMILY = "1,2";
			};
			name = Debug;
		};
		2425F566296A436200E1DBA5 /* Release */ = {
			isa = XCBuildConfiguration;
			buildSettings = {
				ASSETCATALOG_COMPILER_APPICON_NAME = AppIcon;
				ASSETCATALOG_COMPILER_GLOBAL_ACCENT_COLOR_NAME = AccentColor;
				CODE_SIGN_STYLE = Automatic;
				CURRENT_PROJECT_VERSION = 1;
				DEVELOPMENT_TEAM = DJ4HTA4RKP;
				GENERATE_INFOPLIST_FILE = YES;
				INFOPLIST_FILE = Weather/Info.plist;
				INFOPLIST_KEY_UIApplicationSupportsIndirectInputEvents = YES;
				INFOPLIST_KEY_UILaunchStoryboardName = LaunchScreen;
				INFOPLIST_KEY_UIMainStoryboardFile = Main;
				INFOPLIST_KEY_UISupportedInterfaceOrientations_iPad = "UIInterfaceOrientationPortrait UIInterfaceOrientationPortraitUpsideDown UIInterfaceOrientationLandscapeLeft UIInterfaceOrientationLandscapeRight";
				INFOPLIST_KEY_UISupportedInterfaceOrientations_iPhone = "UIInterfaceOrientationPortrait UIInterfaceOrientationLandscapeLeft UIInterfaceOrientationLandscapeRight";
				LD_RUNPATH_SEARCH_PATHS = (
					"$(inherited)",
					"@executable_path/Frameworks",
				);
				MARKETING_VERSION = 1.0;
				PRODUCT_BUNDLE_IDENTIFIER = com.ridesharer.RideSharer.Weather;
				PRODUCT_NAME = "$(TARGET_NAME)";
				SWIFT_EMIT_LOC_STRINGS = YES;
				SWIFT_VERSION = 5.0;
				TARGETED_DEVICE_FAMILY = "1,2";
			};
			name = Release;
		};
		2425F568296A436200E1DBA5 /* Debug */ = {
			isa = XCBuildConfiguration;
			buildSettings = {
				ALWAYS_EMBED_SWIFT_STANDARD_LIBRARIES = YES;
				BUNDLE_LOADER = "$(TEST_HOST)";
				CLANG_ENABLE_MODULES = YES;
				CODE_SIGN_STYLE = Automatic;
				CURRENT_PROJECT_VERSION = 1;
				DEVELOPMENT_TEAM = DJ4HTA4RKP;
				GENERATE_INFOPLIST_FILE = YES;
				IPHONEOS_DEPLOYMENT_TARGET = 16.2;
				LD_RUNPATH_SEARCH_PATHS = (
					"$(inherited)",
					"@executable_path/Frameworks",
					"@loader_path/Frameworks",
				);
				MARKETING_VERSION = 1.0;
				PRODUCT_BUNDLE_IDENTIFIER = com.ridesharer.RideSharer.WeatherTests;
				PRODUCT_NAME = "$(TARGET_NAME)";
				SWIFT_EMIT_LOC_STRINGS = NO;
				SWIFT_OPTIMIZATION_LEVEL = "-Onone";
				SWIFT_VERSION = 5.0;
				TARGETED_DEVICE_FAMILY = "1,2";
				TEST_HOST = "$(BUILT_PRODUCTS_DIR)/Weather.app/$(BUNDLE_EXECUTABLE_FOLDER_PATH)/Weather";
			};
			name = Debug;
		};
		2425F569296A436200E1DBA5 /* Release */ = {
			isa = XCBuildConfiguration;
			buildSettings = {
				ALWAYS_EMBED_SWIFT_STANDARD_LIBRARIES = YES;
				BUNDLE_LOADER = "$(TEST_HOST)";
				CLANG_ENABLE_MODULES = YES;
				CODE_SIGN_STYLE = Automatic;
				CURRENT_PROJECT_VERSION = 1;
				DEVELOPMENT_TEAM = DJ4HTA4RKP;
				GENERATE_INFOPLIST_FILE = YES;
				IPHONEOS_DEPLOYMENT_TARGET = 16.2;
				LD_RUNPATH_SEARCH_PATHS = (
					"$(inherited)",
					"@executable_path/Frameworks",
					"@loader_path/Frameworks",
				);
				MARKETING_VERSION = 1.0;
				PRODUCT_BUNDLE_IDENTIFIER = com.ridesharer.RideSharer.WeatherTests;
				PRODUCT_NAME = "$(TARGET_NAME)";
				SWIFT_EMIT_LOC_STRINGS = NO;
				SWIFT_VERSION = 5.0;
				TARGETED_DEVICE_FAMILY = "1,2";
				TEST_HOST = "$(BUILT_PRODUCTS_DIR)/Weather.app/$(BUNDLE_EXECUTABLE_FOLDER_PATH)/Weather";
			};
			name = Release;
		};
		2425F56B296A436200E1DBA5 /* Debug */ = {
			isa = XCBuildConfiguration;
			buildSettings = {
				ALWAYS_EMBED_SWIFT_STANDARD_LIBRARIES = YES;
				CODE_SIGN_STYLE = Automatic;
				CURRENT_PROJECT_VERSION = 1;
				DEVELOPMENT_TEAM = DJ4HTA4RKP;
				GENERATE_INFOPLIST_FILE = YES;
				MARKETING_VERSION = 1.0;
				PRODUCT_BUNDLE_IDENTIFIER = com.ridesharer.RideSharer.WeatherUITests;
				PRODUCT_NAME = "$(TARGET_NAME)";
				SWIFT_EMIT_LOC_STRINGS = NO;
				SWIFT_VERSION = 5.0;
				TARGETED_DEVICE_FAMILY = "1,2";
				TEST_TARGET_NAME = Weather;
			};
			name = Debug;
		};
		2425F56C296A436200E1DBA5 /* Release */ = {
			isa = XCBuildConfiguration;
			buildSettings = {
				ALWAYS_EMBED_SWIFT_STANDARD_LIBRARIES = YES;
				CODE_SIGN_STYLE = Automatic;
				CURRENT_PROJECT_VERSION = 1;
				DEVELOPMENT_TEAM = DJ4HTA4RKP;
				GENERATE_INFOPLIST_FILE = YES;
				MARKETING_VERSION = 1.0;
				PRODUCT_BUNDLE_IDENTIFIER = com.ridesharer.RideSharer.WeatherUITests;
				PRODUCT_NAME = "$(TARGET_NAME)";
				SWIFT_EMIT_LOC_STRINGS = NO;
				SWIFT_VERSION = 5.0;
				TARGETED_DEVICE_FAMILY = "1,2";
				TEST_TARGET_NAME = Weather;
			};
			name = Release;
		};
/* End XCBuildConfiguration section */

/* Begin XCConfigurationList section */
		2425F535296A436000E1DBA5 /* Build configuration list for PBXProject "Weather" */ = {
			isa = XCConfigurationList;
			buildConfigurations = (
				2425F562296A436200E1DBA5 /* Debug */,
				2425F563296A436200E1DBA5 /* Release */,
			);
			defaultConfigurationIsVisible = 0;
			defaultConfigurationName = Release;
		};
		2425F564296A436200E1DBA5 /* Build configuration list for PBXNativeTarget "Weather" */ = {
			isa = XCConfigurationList;
			buildConfigurations = (
				2425F565296A436200E1DBA5 /* Debug */,
				2425F566296A436200E1DBA5 /* Release */,
			);
			defaultConfigurationIsVisible = 0;
			defaultConfigurationName = Release;
		};
		2425F567296A436200E1DBA5 /* Build configuration list for PBXNativeTarget "WeatherTests" */ = {
			isa = XCConfigurationList;
			buildConfigurations = (
				2425F568296A436200E1DBA5 /* Debug */,
				2425F569296A436200E1DBA5 /* Release */,
			);
			defaultConfigurationIsVisible = 0;
			defaultConfigurationName = Release;
		};
		2425F56A296A436200E1DBA5 /* Build configuration list for PBXNativeTarget "WeatherUITests" */ = {
			isa = XCConfigurationList;
			buildConfigurations = (
				2425F56B296A436200E1DBA5 /* Debug */,
				2425F56C296A436200E1DBA5 /* Release */,
			);
			defaultConfigurationIsVisible = 0;
			defaultConfigurationName = Release;
		};
/* End XCConfigurationList section */
	};
	rootObject = 2425F532296A436000E1DBA5 /* Project object */;
}
